
Microsoft Visual Studio Solution File, Format Version 12.00
# Visual Studio Version 17
VisualStudioVersion = 17.8.34330.188
MinimumVisualStudioVersion = 10.0.40219.1
Project("{FAE04EC0-301F-11D3-BF4B-00C04F79EFBC}") = "Intern", "Intern\Intern.csproj", "{100E79A0-CDB2-41EC-9433-D9C665A50036}"
EndProject
Project("{FAE04EC0-301F-11D3-BF4B-00C04F79EFBC}") = "Intern.Models", "Intern.Models\Intern.Models.csproj", "{A43DB108-6031-4D4A-AA43-DE6AC1646491}"
EndProject
Project("{FAE04EC0-301F-11D3-BF4B-00C04F79EFBC}") = "Intern.Repository", "Intern.Repository\Intern.Repository.csproj", "{4F3F5888-89DE-4E41-B0EB-5D62E7C15A6A}"
EndProject
Project("{FAE04EC0-301F-11D3-BF4B-00C04F79EFBC}") = "Intern.Utility", "Intern.Utility\Intern.Utility.csproj", "{F022D791-C326-4307-8AC0-60420649714C}"
EndProject
Project("{FAE04EC0-301F-11D3-BF4B-00C04F79EFBC}") = "Intern.Resources", "Intern.Resources\Intern.Resources.csproj", "{1DA2FE22-6BE6-414B-AD24-6E07BAA29FFD}"
EndProject
Global
	GlobalSection(SolutionConfigurationPlatforms) = preSolution
		Debug|Any CPU = Debug|Any CPU
		Release|Any CPU = Release|Any CPU
	EndGlobalSection
	GlobalSection(ProjectConfigurationPlatforms) = postSolution
		{100E79A0-CDB2-41EC-9433-D9C665A50036}.Debug|Any CPU.ActiveCfg = Debug|Any CPU
		{100E79A0-CDB2-41EC-9433-D9C665A50036}.Debug|Any CPU.Build.0 = Debug|Any CPU
		{100E79A0-CDB2-41EC-9433-D9C665A50036}.Release|Any CPU.ActiveCfg = Release|Any CPU
		{100E79A0-CDB2-41EC-9433-D9C665A50036}.Release|Any CPU.Build.0 = Release|Any CPU
		{A43DB108-6031-4D4A-AA43-DE6AC1646491}.Debug|Any CPU.ActiveCfg = Debug|Any CPU
		{A43DB108-6031-4D4A-AA43-DE6AC1646491}.Debug|Any CPU.Build.0 = Debug|Any CPU
		{A43DB108-6031-4D4A-AA43-DE6AC1646491}.Release|Any CPU.ActiveCfg = Release|Any CPU
		{A43DB108-6031-4D4A-AA43-DE6AC1646491}.Release|Any CPU.Build.0 = Release|Any CPU
		{4F3F5888-89DE-4E41-B0EB-5D62E7C15A6A}.Debug|Any CPU.ActiveCfg = Debug|Any CPU
		{4F3F5888-89DE-4E41-B0EB-5D62E7C15A6A}.Debug|Any CPU.Build.0 = Debug|Any CPU
		{4F3F5888-89DE-4E41-B0EB-5D62E7C15A6A}.Release|Any CPU.ActiveCfg = Release|Any CPU
		{4F3F5888-89DE-4E41-B0EB-5D62E7C15A6A}.Release|Any CPU.Build.0 = Release|Any CPU
		{F022D791-C326-4307-8AC0-60420649714C}.Debug|Any CPU.ActiveCfg = Debug|Any CPU
		{F022D791-C326-4307-8AC0-60420649714C}.Debug|Any CPU.Build.0 = Debug|Any CPU
		{F022D791-C326-4307-8AC0-60420649714C}.Release|Any CPU.ActiveCfg = Release|Any CPU
		{F022D791-C326-4307-8AC0-60420649714C}.Release|Any CPU.Build.0 = Release|Any CPU
		{1DA2FE22-6BE6-414B-AD24-6E07BAA29FFD}.Debug|Any CPU.ActiveCfg = Debug|Any CPU
		{1DA2FE22-6BE6-414B-AD24-6E07BAA29FFD}.Debug|Any CPU.Build.0 = Debug|Any CPU
		{1DA2FE22-6BE6-414B-AD24-6E07BAA29FFD}.Release|Any CPU.ActiveCfg = Release|Any CPU
		{1DA2FE22-6BE6-414B-AD24-6E07BAA29FFD}.Release|Any CPU.Build.0 = Release|Any CPU
	EndGlobalSection
	GlobalSection(SolutionProperties) = preSolution
		HideSolutionNode = FALSE
	EndGlobalSection
	GlobalSection(ExtensibilityGlobals) = postSolution
		SolutionGuid = {C45653FD-1023-4A1A-A447-7F0C7A4F20D3}
	EndGlobalSection
EndGlobal
